
Microsoft Visual Studio Solution File, Format Version 12.00
# Visual Studio Version 17
VisualStudioVersion = 17.3.32922.545
MinimumVisualStudioVersion = 10.0.40219.1
Project("{FAE04EC0-301F-11D3-BF4B-00C04F79EFBC}") = "provider", "provider\provider.csproj", "{88D4A230-A770-4A65-885C-CF066554327A}"
EndProject
Global
	GlobalSection(SolutionConfigurationPlatforms) = preSolution
		Debug|Any CPU = Debug|Any CPU
		Release|Any CPU = Release|Any CPU
	EndGlobalSection
	GlobalSection(ProjectConfigurationPlatforms) = postSolution
		{88D4A230-A770-4A65-885C-CF066554327A}.Debug|Any CPU.ActiveCfg = Debug|Any CPU
		{88D4A230-A770-4A65-885C-CF066554327A}.Debug|Any CPU.Build.0 = Debug|Any CPU
		{88D4A230-A770-4A65-885C-CF066554327A}.Release|Any CPU.ActiveCfg = Release|Any CPU
		{88D4A230-A770-4A65-885C-CF066554327A}.Release|Any CPU.Build.0 = Release|Any CPU
	EndGlobalSection
	GlobalSection(SolutionProperties) = preSolution
		HideSolutionNode = FALSE
	EndGlobalSection
	GlobalSection(ExtensibilityGlobals) = postSolution
		SolutionGuid = {66CA623E-7785-487D-B085-1014E79CA524}
	EndGlobalSection
EndGlobal
